
Microsoft Visual Studio Solution File, Format Version 12.00
# Visual Studio Version 17
VisualStudioVersion = 17.1.32328.378
MinimumVisualStudioVersion = 10.0.40219.1
Project("{9A19103F-16F7-4668-BE54-9A1E7A4F7556}") = "BurhanSample.API", "BurhanSample.API\BurhanSample.API.csproj", "{88E94416-86DE-4EB4-916B-3384DA5FB004}"
EndProject
Project("{9A19103F-16F7-4668-BE54-9A1E7A4F7556}") = "BurhanSample.Entities", "BurhanSample.Entities\BurhanSample.Entities.csproj", "{51E47FD6-E28F-4F7B-957E-085A9F035D92}"
EndProject
Project("{9A19103F-16F7-4668-BE54-9A1E7A4F7556}") = "BurhanSample.DataAccess", "BurhanSample.DAL\BurhanSample.DataAccess.csproj", "{D737C240-B798-4E00-AF32-301C11F3455D}"
EndProject
Project("{9A19103F-16F7-4668-BE54-9A1E7A4F7556}") = "BurhanSample.Core", "Core\BurhanSample.Core.csproj", "{0E275268-2A7D-4708-A858-7DBBF05B1E12}"
EndProject
Project("{9A19103F-16F7-4668-BE54-9A1E7A4F7556}") = "BurhanSample.Business", "BurhanSample.Business\BurhanSample.Business.csproj", "{A033C6A4-2251-44CB-99FB-482CAEDBC470}"
EndProject
Project("{2150E333-8FDC-42A3-9474-1A3956D46DE8}") = "Data", "Data", "{C540135C-AD10-48F9-BC52-C0AD3244E9BD}"
EndProject
Project("{2150E333-8FDC-42A3-9474-1A3956D46DE8}") = "Common", "Common", "{83EADDA1-C4C2-4E83-BE2A-BB3E854F1633}"
EndProject
Global
	GlobalSection(SolutionConfigurationPlatforms) = preSolution
		Debug|Any CPU = Debug|Any CPU
		Release|Any CPU = Release|Any CPU
	EndGlobalSection
	GlobalSection(ProjectConfigurationPlatforms) = postSolution
		{88E94416-86DE-4EB4-916B-3384DA5FB004}.Debug|Any CPU.ActiveCfg = Debug|Any CPU
		{88E94416-86DE-4EB4-916B-3384DA5FB004}.Debug|Any CPU.Build.0 = Debug|Any CPU
		{88E94416-86DE-4EB4-916B-3384DA5FB004}.Release|Any CPU.ActiveCfg = Release|Any CPU
		{88E94416-86DE-4EB4-916B-3384DA5FB004}.Release|Any CPU.Build.0 = Release|Any CPU
		{51E47FD6-E28F-4F7B-957E-085A9F035D92}.Debug|Any CPU.ActiveCfg = Debug|Any CPU
		{51E47FD6-E28F-4F7B-957E-085A9F035D92}.Debug|Any CPU.Build.0 = Debug|Any CPU
		{51E47FD6-E28F-4F7B-957E-085A9F035D92}.Release|Any CPU.ActiveCfg = Release|Any CPU
		{51E47FD6-E28F-4F7B-957E-085A9F035D92}.Release|Any CPU.Build.0 = Release|Any CPU
		{D737C240-B798-4E00-AF32-301C11F3455D}.Debug|Any CPU.ActiveCfg = Debug|Any CPU
		{D737C240-B798-4E00-AF32-301C11F3455D}.Debug|Any CPU.Build.0 = Debug|Any CPU
		{D737C240-B798-4E00-AF32-301C11F3455D}.Release|Any CPU.ActiveCfg = Release|Any CPU
		{D737C240-B798-4E00-AF32-301C11F3455D}.Release|Any CPU.Build.0 = Release|Any CPU
		{0E275268-2A7D-4708-A858-7DBBF05B1E12}.Debug|Any CPU.ActiveCfg = Debug|Any CPU
		{0E275268-2A7D-4708-A858-7DBBF05B1E12}.Debug|Any CPU.Build.0 = Debug|Any CPU
		{0E275268-2A7D-4708-A858-7DBBF05B1E12}.Release|Any CPU.ActiveCfg = Release|Any CPU
		{0E275268-2A7D-4708-A858-7DBBF05B1E12}.Release|Any CPU.Build.0 = Release|Any CPU
		{A033C6A4-2251-44CB-99FB-482CAEDBC470}.Debug|Any CPU.ActiveCfg = Debug|Any CPU
		{A033C6A4-2251-44CB-99FB-482CAEDBC470}.Debug|Any CPU.Build.0 = Debug|Any CPU
		{A033C6A4-2251-44CB-99FB-482CAEDBC470}.Release|Any CPU.ActiveCfg = Release|Any CPU
		{A033C6A4-2251-44CB-99FB-482CAEDBC470}.Release|Any CPU.Build.0 = Release|Any CPU
	EndGlobalSection
	GlobalSection(SolutionProperties) = preSolution
		HideSolutionNode = FALSE
	EndGlobalSection
	GlobalSection(NestedProjects) = preSolution
		{88E94416-86DE-4EB4-916B-3384DA5FB004} = {C540135C-AD10-48F9-BC52-C0AD3244E9BD}
		{51E47FD6-E28F-4F7B-957E-085A9F035D92} = {C540135C-AD10-48F9-BC52-C0AD3244E9BD}
		{D737C240-B798-4E00-AF32-301C11F3455D} = {C540135C-AD10-48F9-BC52-C0AD3244E9BD}
		{0E275268-2A7D-4708-A858-7DBBF05B1E12} = {83EADDA1-C4C2-4E83-BE2A-BB3E854F1633}
		{A033C6A4-2251-44CB-99FB-482CAEDBC470} = {C540135C-AD10-48F9-BC52-C0AD3244E9BD}
	EndGlobalSection
	GlobalSection(ExtensibilityGlobals) = postSolution
		SolutionGuid = {4BA28D21-A1EE-455A-AE62-9B9349851221}
	EndGlobalSection
EndGlobal
