
Microsoft Visual Studio Solution File, Format Version 12.00
# Visual Studio Version 17
VisualStudioVersion = 17.1.32328.378
MinimumVisualStudioVersion = 10.0.40219.1
Project("{9A19103F-16F7-4668-BE54-9A1E7A4F7556}") = "BurhanSample.API", "BurhanSample.API\BurhanSample.API.csproj", "{88E94416-86DE-4EB4-916B-3384DA5FB004}"
EndProject
Project("{9A19103F-16F7-4668-BE54-9A1E7A4F7556}") = "BurhanSample.Services", "BurhanSample.API.Service\BurhanSample.Services.csproj", "{DD8F2841-DEA9-4030-BDC1-35D68AD510DE}"
EndProject
Project("{9A19103F-16F7-4668-BE54-9A1E7A4F7556}") = "BurhanSample.Entities", "BurhanSample.Entities\BurhanSample.Entities.csproj", "{51E47FD6-E28F-4F7B-957E-085A9F035D92}"
EndProject
Project("{9A19103F-16F7-4668-BE54-9A1E7A4F7556}") = "BurhanSample.DAL", "BurhanSample.DAL\BurhanSample.DAL.csproj", "{D737C240-B798-4E00-AF32-301C11F3455D}"
EndProject
Project("{9A19103F-16F7-4668-BE54-9A1E7A4F7556}") = "BurhanSample.Core", "Core\BurhanSample.Core.csproj", "{0E275268-2A7D-4708-A858-7DBBF05B1E12}"
EndProject
Global
	GlobalSection(SolutionConfigurationPlatforms) = preSolution
		Debug|Any CPU = Debug|Any CPU
		Release|Any CPU = Release|Any CPU
	EndGlobalSection
	GlobalSection(ProjectConfigurationPlatforms) = postSolution
		{88E94416-86DE-4EB4-916B-3384DA5FB004}.Debug|Any CPU.ActiveCfg = Debug|Any CPU
		{88E94416-86DE-4EB4-916B-3384DA5FB004}.Debug|Any CPU.Build.0 = Debug|Any CPU
		{88E94416-86DE-4EB4-916B-3384DA5FB004}.Release|Any CPU.ActiveCfg = Release|Any CPU
		{88E94416-86DE-4EB4-916B-3384DA5FB004}.Release|Any CPU.Build.0 = Release|Any CPU
		{DD8F2841-DEA9-4030-BDC1-35D68AD510DE}.Debug|Any CPU.ActiveCfg = Debug|Any CPU
		{DD8F2841-DEA9-4030-BDC1-35D68AD510DE}.Debug|Any CPU.Build.0 = Debug|Any CPU
		{DD8F2841-DEA9-4030-BDC1-35D68AD510DE}.Release|Any CPU.ActiveCfg = Release|Any CPU
		{DD8F2841-DEA9-4030-BDC1-35D68AD510DE}.Release|Any CPU.Build.0 = Release|Any CPU
		{51E47FD6-E28F-4F7B-957E-085A9F035D92}.Debug|Any CPU.ActiveCfg = Debug|Any CPU
		{51E47FD6-E28F-4F7B-957E-085A9F035D92}.Debug|Any CPU.Build.0 = Debug|Any CPU
		{51E47FD6-E28F-4F7B-957E-085A9F035D92}.Release|Any CPU.ActiveCfg = Release|Any CPU
		{51E47FD6-E28F-4F7B-957E-085A9F035D92}.Release|Any CPU.Build.0 = Release|Any CPU
		{D737C240-B798-4E00-AF32-301C11F3455D}.Debug|Any CPU.ActiveCfg = Debug|Any CPU
		{D737C240-B798-4E00-AF32-301C11F3455D}.Debug|Any CPU.Build.0 = Debug|Any CPU
		{D737C240-B798-4E00-AF32-301C11F3455D}.Release|Any CPU.ActiveCfg = Release|Any CPU
		{D737C240-B798-4E00-AF32-301C11F3455D}.Release|Any CPU.Build.0 = Release|Any CPU
		{0E275268-2A7D-4708-A858-7DBBF05B1E12}.Debug|Any CPU.ActiveCfg = Debug|Any CPU
		{0E275268-2A7D-4708-A858-7DBBF05B1E12}.Debug|Any CPU.Build.0 = Debug|Any CPU
		{0E275268-2A7D-4708-A858-7DBBF05B1E12}.Release|Any CPU.ActiveCfg = Release|Any CPU
		{0E275268-2A7D-4708-A858-7DBBF05B1E12}.Release|Any CPU.Build.0 = Release|Any CPU
	EndGlobalSection
	GlobalSection(SolutionProperties) = preSolution
		HideSolutionNode = FALSE
	EndGlobalSection
	GlobalSection(ExtensibilityGlobals) = postSolution
		SolutionGuid = {4BA28D21-A1EE-455A-AE62-9B9349851221}
	EndGlobalSection
EndGlobal
